
Microsoft Visual Studio Solution File, Format Version 12.00
# Visual Studio Version 17
VisualStudioVersion = 17.6.33801.468
MinimumVisualStudioVersion = 10.0.40219.1
Project("{FAE04EC0-301F-11D3-BF4B-00C04F79EFBC}") = "testerr", "testerr\testerr.csproj", "{B18C7699-0009-433A-B610-08E574FDE36D}"
EndProject
Global
	GlobalSection(SolutionConfigurationPlatforms) = preSolution
		Debug|Any CPU = Debug|Any CPU
		Release|Any CPU = Release|Any CPU
	EndGlobalSection
	GlobalSection(ProjectConfigurationPlatforms) = postSolution
		{B18C7699-0009-433A-B610-08E574FDE36D}.Debug|Any CPU.ActiveCfg = Debug|Any CPU
		{B18C7699-0009-433A-B610-08E574FDE36D}.Debug|Any CPU.Build.0 = Debug|Any CPU
		{B18C7699-0009-433A-B610-08E574FDE36D}.Release|Any CPU.ActiveCfg = Release|Any CPU
		{B18C7699-0009-433A-B610-08E574FDE36D}.Release|Any CPU.Build.0 = Release|Any CPU
	EndGlobalSection
	GlobalSection(SolutionProperties) = preSolution
		HideSolutionNode = FALSE
	EndGlobalSection
	GlobalSection(ExtensibilityGlobals) = postSolution
		SolutionGuid = {42F2E767-F747-44F1-97EA-084BF7AC3D7B}
	EndGlobalSection
EndGlobal
